
Microsoft Visual Studio Solution File, Format Version 12.00
# Visual Studio Version 17
VisualStudioVersion = 17.8.34408.163
MinimumVisualStudioVersion = 10.0.40219.1
Project("{9A19103F-16F7-4668-BE54-9A1E7A4F7556}") = "RoleGameWeb", "RoleGameWeb\RoleGameWeb.csproj", "{3EBB5612-6266-43F1-B53D-D85FB001A4CB}"
EndProject
Project("{9A19103F-16F7-4668-BE54-9A1E7A4F7556}") = "RoleGameWeb.Browser", "RoleGameWeb.Browser\RoleGameWeb.Browser.csproj", "{78B854F3-A492-45B0-B6D3-294F50015357}"
EndProject
Project("{9A19103F-16F7-4668-BE54-9A1E7A4F7556}") = "RoleGameWeb.Desktop", "RoleGameWeb.Desktop\RoleGameWeb.Desktop.csproj", "{FD9BFD5E-6735-43DA-A6F0-FB36D3645824}"
EndProject
Global
	GlobalSection(SolutionConfigurationPlatforms) = preSolution
		Debug|Any CPU = Debug|Any CPU
		Release|Any CPU = Release|Any CPU
	EndGlobalSection
	GlobalSection(ProjectConfigurationPlatforms) = postSolution
		{3EBB5612-6266-43F1-B53D-D85FB001A4CB}.Debug|Any CPU.ActiveCfg = Debug|Any CPU
		{3EBB5612-6266-43F1-B53D-D85FB001A4CB}.Debug|Any CPU.Build.0 = Debug|Any CPU
		{3EBB5612-6266-43F1-B53D-D85FB001A4CB}.Release|Any CPU.ActiveCfg = Release|Any CPU
		{3EBB5612-6266-43F1-B53D-D85FB001A4CB}.Release|Any CPU.Build.0 = Release|Any CPU
		{78B854F3-A492-45B0-B6D3-294F50015357}.Debug|Any CPU.ActiveCfg = Debug|Any CPU
		{78B854F3-A492-45B0-B6D3-294F50015357}.Debug|Any CPU.Build.0 = Debug|Any CPU
		{78B854F3-A492-45B0-B6D3-294F50015357}.Release|Any CPU.ActiveCfg = Release|Any CPU
		{78B854F3-A492-45B0-B6D3-294F50015357}.Release|Any CPU.Build.0 = Release|Any CPU
		{FD9BFD5E-6735-43DA-A6F0-FB36D3645824}.Debug|Any CPU.ActiveCfg = Debug|Any CPU
		{FD9BFD5E-6735-43DA-A6F0-FB36D3645824}.Debug|Any CPU.Build.0 = Debug|Any CPU
		{FD9BFD5E-6735-43DA-A6F0-FB36D3645824}.Release|Any CPU.ActiveCfg = Release|Any CPU
		{FD9BFD5E-6735-43DA-A6F0-FB36D3645824}.Release|Any CPU.Build.0 = Release|Any CPU
	EndGlobalSection
	GlobalSection(SolutionProperties) = preSolution
		HideSolutionNode = FALSE
	EndGlobalSection
	GlobalSection(ExtensibilityGlobals) = postSolution
		SolutionGuid = {0BD2FAF6-EEF8-48B8-A93D-A78E6E9051B7}
	EndGlobalSection
EndGlobal
